
Microsoft Visual Studio Solution File, Format Version 12.00
# Visual Studio 14
VisualStudioVersion = 14.0.23107.0
MinimumVisualStudioVersion = 10.0.40219.1
Project("{FAE04EC0-301F-11D3-BF4B-00C04F79EFBC}") = "Finance Calendar", "Calendar FInance\Finance Calendar.csproj", "{33F9A70D-DDA8-4799-BAA6-563B8D437B96}"
EndProject
Project("{54435603-DBB4-11D2-8724-00A0C9A8B90C}") = "FinanceCalendarSetup", "FinanceCalendarSetup\FinanceCalendarSetup.vdproj", "{2E6583D9-7B63-4A17-8637-4DBFDF63ABE8}"
EndProject
Global
	GlobalSection(SolutionConfigurationPlatforms) = preSolution
		Debug|Any CPU = Debug|Any CPU
		Release|Any CPU = Release|Any CPU
	EndGlobalSection
	GlobalSection(ProjectConfigurationPlatforms) = postSolution
		{33F9A70D-DDA8-4799-BAA6-563B8D437B96}.Debug|Any CPU.ActiveCfg = Debug|Any CPU
		{33F9A70D-DDA8-4799-BAA6-563B8D437B96}.Debug|Any CPU.Build.0 = Debug|Any CPU
		{33F9A70D-DDA8-4799-BAA6-563B8D437B96}.Release|Any CPU.ActiveCfg = Release|Any CPU
		{33F9A70D-DDA8-4799-BAA6-563B8D437B96}.Release|Any CPU.Build.0 = Release|Any CPU
		{2E6583D9-7B63-4A17-8637-4DBFDF63ABE8}.Debug|Any CPU.ActiveCfg = Debug
		{2E6583D9-7B63-4A17-8637-4DBFDF63ABE8}.Release|Any CPU.ActiveCfg = Release
	EndGlobalSection
	GlobalSection(SolutionProperties) = preSolution
		HideSolutionNode = FALSE
	EndGlobalSection
EndGlobal
